
Microsoft Visual Studio Solution File, Format Version 12.00
# Visual Studio Version 17
VisualStudioVersion = 17.3.32929.385
MinimumVisualStudioVersion = 10.0.40219.1
Project("{FAE04EC0-301F-11D3-BF4B-00C04F79EFBC}") = "PTI", "PTI\PTI.csproj", "{7A3577E7-3FC2-4F96-A812-41DFB98697F0}"
EndProject
Global
	GlobalSection(SolutionConfigurationPlatforms) = preSolution
		Debug|Any CPU = Debug|Any CPU
		Release|Any CPU = Release|Any CPU
	EndGlobalSection
	GlobalSection(ProjectConfigurationPlatforms) = postSolution
		{7A3577E7-3FC2-4F96-A812-41DFB98697F0}.Debug|Any CPU.ActiveCfg = Debug|Any CPU
		{7A3577E7-3FC2-4F96-A812-41DFB98697F0}.Debug|Any CPU.Build.0 = Debug|Any CPU
		{7A3577E7-3FC2-4F96-A812-41DFB98697F0}.Release|Any CPU.ActiveCfg = Release|Any CPU
		{7A3577E7-3FC2-4F96-A812-41DFB98697F0}.Release|Any CPU.Build.0 = Release|Any CPU
	EndGlobalSection
	GlobalSection(SolutionProperties) = preSolution
		HideSolutionNode = FALSE
	EndGlobalSection
	GlobalSection(ExtensibilityGlobals) = postSolution
		SolutionGuid = {B8356422-D856-4471-8B39-55A01C63CC0B}
	EndGlobalSection
EndGlobal
